
Microsoft Visual Studio Solution File, Format Version 12.00
# Visual Studio 15
VisualStudioVersion = 15.0.28307.2092
MinimumVisualStudioVersion = 10.0.40219.1
Project("{FAE04EC0-301F-11D3-BF4B-00C04F79EFBC}") = "HIS", "HIS\HIS.csproj", "{2AA1338B-8B27-4504-93EB-D938EA2184C5}"
EndProject
Global
	GlobalSection(SolutionConfigurationPlatforms) = preSolution
		Debug|Any CPU = Debug|Any CPU
		Debug|x64 = Debug|x64
		Debug|x86 = Debug|x86
		Release|Any CPU = Release|Any CPU
		Release|x64 = Release|x64
		Release|x86 = Release|x86
		Setup|Any CPU = Setup|Any CPU
		Setup|x64 = Setup|x64
		Setup|x86 = Setup|x86
	EndGlobalSection
	GlobalSection(ProjectConfigurationPlatforms) = postSolution
		{2AA1338B-8B27-4504-93EB-D938EA2184C5}.Debug|Any CPU.ActiveCfg = Debug|Any CPU
		{2AA1338B-8B27-4504-93EB-D938EA2184C5}.Debug|Any CPU.Build.0 = Debug|Any CPU
		{2AA1338B-8B27-4504-93EB-D938EA2184C5}.Debug|x64.ActiveCfg = Debug|x64
		{2AA1338B-8B27-4504-93EB-D938EA2184C5}.Debug|x64.Build.0 = Debug|x64
		{2AA1338B-8B27-4504-93EB-D938EA2184C5}.Debug|x86.ActiveCfg = Debug|Any CPU
		{2AA1338B-8B27-4504-93EB-D938EA2184C5}.Debug|x86.Build.0 = Debug|Any CPU
		{2AA1338B-8B27-4504-93EB-D938EA2184C5}.Release|Any CPU.ActiveCfg = Release|Any CPU
		{2AA1338B-8B27-4504-93EB-D938EA2184C5}.Release|Any CPU.Build.0 = Release|Any CPU
		{2AA1338B-8B27-4504-93EB-D938EA2184C5}.Release|x64.ActiveCfg = Release|x64
		{2AA1338B-8B27-4504-93EB-D938EA2184C5}.Release|x64.Build.0 = Release|x64
		{2AA1338B-8B27-4504-93EB-D938EA2184C5}.Release|x86.ActiveCfg = Release|Any CPU
		{2AA1338B-8B27-4504-93EB-D938EA2184C5}.Release|x86.Build.0 = Release|Any CPU
		{2AA1338B-8B27-4504-93EB-D938EA2184C5}.Setup|Any CPU.ActiveCfg = Release|Any CPU
		{2AA1338B-8B27-4504-93EB-D938EA2184C5}.Setup|Any CPU.Build.0 = Release|Any CPU
		{2AA1338B-8B27-4504-93EB-D938EA2184C5}.Setup|x64.ActiveCfg = Release|x64
		{2AA1338B-8B27-4504-93EB-D938EA2184C5}.Setup|x64.Build.0 = Release|x64
		{2AA1338B-8B27-4504-93EB-D938EA2184C5}.Setup|x86.ActiveCfg = Release|Any CPU
		{2AA1338B-8B27-4504-93EB-D938EA2184C5}.Setup|x86.Build.0 = Release|Any CPU
	EndGlobalSection
	GlobalSection(SolutionProperties) = preSolution
		HideSolutionNode = FALSE
	EndGlobalSection
	GlobalSection(ExtensibilityGlobals) = postSolution
		SolutionGuid = {C78826B7-563C-4777-9344-66F5A83C2D3B}
	EndGlobalSection
EndGlobal
